// !$*UTF8*$!
{
	archiveVersion = 1;
	classes = {
	};
	objectVersion = 77;
	objects = {

/* Begin PBXBuildFile section */
		1C6A99BE283E19B9AC16B957 /* FirebaseAuth in Frameworks */ = {isa = PBXBuildFile; productRef = 9D9F84993D616D11D7D84F07 /* FirebaseAuth */; };
		54723506BBE6E950C2048B98 /* FirebaseCore in Frameworks */ = {isa = PBXBuildFile; productRef = 7BD051C0CBE8A5629A57EFA6 /* FirebaseCore */; };
		C10000012F74EC0000CF3D81 /* XCTest.framework in Frameworks */ = {isa = PBXBuildFile; fileRef = C10000032F74EC0000CF3D81 /* XCTest.framework */; };
		EC761DB8D1459C88B624BA50 /* FirebaseFirestore in Frameworks */ = {isa = PBXBuildFile; productRef = E058BBCC608AF8F64FC42B75 /* FirebaseFirestore */; };
/* End PBXBuildFile section */

/* Begin PBXContainerItemProxy section */
		C10000072F74EC0000CF3D81 /* PBXContainerItemProxy */ = {
			isa = PBXContainerItemProxy;
			containerPortal = BD811F652F74EC0000CF3D81 /* Project object */;
			proxyType = 1;
			remoteGlobalIDString = BD811F6C2F74EC0000CF3D81;
			remoteInfo = GemTacticsTurbo;
		};
/* End PBXContainerItemProxy section */

/* Begin PBXFileReference section */
		BD811F6D2F74EC0000CF3D81 /* GemTacticsTurbo.app */ = {isa = PBXFileReference; explicitFileType = wrapper.application; includeInIndex = 0; path = GemTacticsTurbo.app; sourceTree = BUILT_PRODUCTS_DIR; };
		C10000022F74EC0000CF3D81 /* GemTacticsTurboTests.xctest */ = {isa = PBXFileReference; explicitFileType = wrapper.cfbundle; includeInIndex = 0; path = GemTacticsTurboTests.xctest; sourceTree = BUILT_PRODUCTS_DIR; };
		C10000032F74EC0000CF3D81 /* XCTest.framework */ = {isa = PBXFileReference; lastKnownFileType = wrapper.framework; name = XCTest.framework; path = Platforms/iPhoneOS.platform/Developer/Library/Frameworks/XCTest.framework; sourceTree = DEVELOPER_DIR; };
/* End PBXFileReference section */

/* Begin PBXFileSystemSynchronizedRootGroup section */
		BD811F6F2F74EC0000CF3D81 /* GemTacticsTurbo */ = {
			isa = PBXFileSystemSynchronizedRootGroup;
			path = GemTacticsTurbo;
			sourceTree = "<group>";
		};
		C10000042F74EC0000CF3D81 /* GemTacticsTurboTests */ = {
			isa = PBXFileSystemSynchronizedRootGroup;
			path = GemTacticsTurboTests;
			sourceTree = "<group>";
		};
/* End PBXFileSystemSynchronizedRootGroup section */

/* Begin PBXFrameworksBuildPhase section */
		BD811F6A2F74EC0000CF3D81 /* Frameworks */ = {
			isa = PBXFrameworksBuildPhase;
			buildActionMask = 2147483647;
			files = (
				54723506BBE6E950C2048B98 /* FirebaseCore in Frameworks */,
				1C6A99BE283E19B9AC16B957 /* FirebaseAuth in Frameworks */,
				EC761DB8D1459C88B624BA50 /* FirebaseFirestore in Frameworks */,
			);
			runOnlyForDeploymentPostprocessing = 0;
		};
		C10000052F74EC0000CF3D81 /* Frameworks */ = {
			isa = PBXFrameworksBuildPhase;
			buildActionMask = 2147483647;
			files = (
				C10000012F74EC0000CF3D81 /* XCTest.framework in Frameworks */,
			);
			runOnlyForDeploymentPostprocessing = 0;
		};
/* End PBXFrameworksBuildPhase section */

/* Begin PBXGroup section */
		BD811F642F74EC0000CF3D81 = {
			isa = PBXGroup;
			children = (
				BD811F6F2F74EC0000CF3D81 /* GemTacticsTurbo */,
				C10000042F74EC0000CF3D81 /* GemTacticsTurboTests */,
				C10000032F74EC0000CF3D81 /* XCTest.framework */,
				BD811F6E2F74EC0000CF3D81 /* Products */,
			);
			sourceTree = "<group>";
		};
		BD811F6E2F74EC0000CF3D81 /* Products */ = {
			isa = PBXGroup;
			children = (
				BD811F6D2F74EC0000CF3D81 /* GemTacticsTurbo.app */,
				C10000022F74EC0000CF3D81 /* GemTacticsTurboTests.xctest */,
			);
			name = Products;
			sourceTree = "<group>";
		};
/* End PBXGroup section */

/* Begin PBXNativeTarget section */
		BD811F6C2F74EC0000CF3D81 /* GemTacticsTurbo */ = {
			isa = PBXNativeTarget;
			buildConfigurationList = BD811F782F74EC0300CF3D81 /* Build configuration list for PBXNativeTarget "GemTacticsTurbo" */;
			buildPhases = (
				BD811F692F74EC0000CF3D81 /* Sources */,
				BD811F6A2F74EC0000CF3D81 /* Frameworks */,
				BD811F6B2F74EC0000CF3D81 /* Resources */,
			);
			buildRules = (
			);
			dependencies = (
			);
			fileSystemSynchronizedGroups = (
				BD811F6F2F74EC0000CF3D81 /* GemTacticsTurbo */,
			);
			name = GemTacticsTurbo;
			packageProductDependencies = (
				7BD051C0CBE8A5629A57EFA6 /* FirebaseCore */,
				9D9F84993D616D11D7D84F07 /* FirebaseAuth */,
				E058BBCC608AF8F64FC42B75 /* FirebaseFirestore */,
			);
			productName = GemTacticsTurbo;
			productReference = BD811F6D2F74EC0000CF3D81 /* GemTacticsTurbo.app */;
			productType = "com.apple.product-type.application";
		};
		C10000062F74EC0000CF3D81 /* GemTacticsTurboTests */ = {
			isa = PBXNativeTarget;
			buildConfigurationList = C100000D2F74EC0000CF3D81 /* Build configuration list for PBXNativeTarget "GemTacticsTurboTests" */;
			buildPhases = (
				C100000A2F74EC0000CF3D81 /* Sources */,
				C10000052F74EC0000CF3D81 /* Frameworks */,
				C10000092F74EC0000CF3D81 /* Resources */,
			);
			buildRules = (
			);
			dependencies = (
				C10000082F74EC0000CF3D81 /* PBXTargetDependency */,
			);
			fileSystemSynchronizedGroups = (
				C10000042F74EC0000CF3D81 /* GemTacticsTurboTests */,
			);
			name = GemTacticsTurboTests;
			packageProductDependencies = (
			);
			productName = GemTacticsTurboTests;
			productReference = C10000022F74EC0000CF3D81 /* GemTacticsTurboTests.xctest */;
			productType = "com.apple.product-type.bundle.unit-test";
		};
/* End PBXNativeTarget section */

/* Begin PBXProject section */
		BD811F652F74EC0000CF3D81 /* Project object */ = {
			isa = PBXProject;
			attributes = {
				BuildIndependentTargetsInParallel = 1;
				LastSwiftUpdateCheck = 2620;
				LastUpgradeCheck = 2620;
				TargetAttributes = {
					BD811F6C2F74EC0000CF3D81 = {
						CreatedOnToolsVersion = 26.2;
					};
					C10000062F74EC0000CF3D81 = {
						CreatedOnToolsVersion = 26.2;
						TestTargetID = BD811F6C2F74EC0000CF3D81;
					};
				};
			};
			buildConfigurationList = BD811F682F74EC0000CF3D81 /* Build configuration list for PBXProject "GemTacticsTurbo" */;
			developmentRegion = en;
			hasScannedForEncodings = 0;
			knownRegions = (
				en,
				Base,
			);
			mainGroup = BD811F642F74EC0000CF3D81;
			minimizedProjectReferenceProxies = 1;
			packageReferences = (
				2C4DAFFCA74CB47EB95B2B43 /* XCRemoteSwiftPackageReference "firebase-ios-sdk" */,
			);
			preferredProjectObjectVersion = 77;
			productRefGroup = BD811F6E2F74EC0000CF3D81 /* Products */;
			projectDirPath = "";
			projectRoot = "";
			targets = (
				BD811F6C2F74EC0000CF3D81 /* GemTacticsTurbo */,
				C10000062F74EC0000CF3D81 /* GemTacticsTurboTests */,
			);
		};
/* End PBXProject section */

/* Begin PBXResourcesBuildPhase section */
		BD811F6B2F74EC0000CF3D81 /* Resources */ = {
			isa = PBXResourcesBuildPhase;
			buildActionMask = 2147483647;
			files = (
			);
			runOnlyForDeploymentPostprocessing = 0;
		};
		C10000092F74EC0000CF3D81 /* Resources */ = {
			isa = PBXResourcesBuildPhase;
			buildActionMask = 2147483647;
			files = (
			);
			runOnlyForDeploymentPostprocessing = 0;
		};
/* End PBXResourcesBuildPhase section */

/* Begin PBXSourcesBuildPhase section */
		BD811F692F74EC0000CF3D81 /* Sources */ = {
			isa = PBXSourcesBuildPhase;
			buildActionMask = 2147483647;
			files = (
			);
			runOnlyForDeploymentPostprocessing = 0;
		};
		C100000A2F74EC0000CF3D81 /* Sources */ = {
			isa = PBXSourcesBuildPhase;
			buildActionMask = 2147483647;
			files = (
			);
			runOnlyForDeploymentPostprocessing = 0;
		};
/* End PBXSourcesBuildPhase section */

/* Begin PBXTargetDependency section */
		C10000082F74EC0000CF3D81 /* PBXTargetDependency */ = {
			isa = PBXTargetDependency;
			target = BD811F6C2F74EC0000CF3D81 /* GemTacticsTurbo */;
			targetProxy = C10000072F74EC0000CF3D81 /* PBXContainerItemProxy */;
		};
/* End PBXTargetDependency section */

/* Begin XCBuildConfiguration section */
		BD811F762F74EC0300CF3D81 /* Debug */ = {
			isa = XCBuildConfiguration;
			buildSettings = {
				ALWAYS_SEARCH_USER_PATHS = NO;
				ASSETCATALOG_COMPILER_GENERATE_SWIFT_ASSET_SYMBOL_EXTENSIONS = YES;
				CLANG_ANALYZER_NONNULL = YES;
				CLANG_ANALYZER_NUMBER_OBJECT_CONVERSION = YES_AGGRESSIVE;
				CLANG_CXX_LANGUAGE_STANDARD = "gnu++20";
				CLANG_ENABLE_MODULES = YES;
				CLANG_ENABLE_OBJC_ARC = YES;
				CLANG_ENABLE_OBJC_WEAK = YES;
				CLANG_WARN_BLOCK_CAPTURE_AUTORELEASING = YES;
				CLANG_WARN_BOOL_CONVERSION = YES;
				CLANG_WARN_COMMA = YES;
				CLANG_WARN_CONSTANT_CONVERSION = YES;
				CLANG_WARN_DEPRECATED_OBJC_IMPLEMENTATIONS = YES;
				CLANG_WARN_DIRECT_OBJC_ISA_USAGE = YES_ERROR;
				CLANG_WARN_DOCUMENTATION_COMMENTS = YES;
				CLANG_WARN_EMPTY_BODY = YES;
				CLANG_WARN_ENUM_CONVERSION = YES;
				CLANG_WARN_INFINITE_RECURSION = YES;
				CLANG_WARN_INT_CONVERSION = YES;
				CLANG_WARN_NON_LITERAL_NULL_CONVERSION = YES;
				CLANG_WARN_OBJC_IMPLICIT_RETAIN_SELF = YES;
				CLANG_WARN_OBJC_LITERAL_CONVERSION = YES;
				CLANG_WARN_OBJC_ROOT_CLASS = YES_ERROR;
				CLANG_WARN_QUOTED_INCLUDE_IN_FRAMEWORK_HEADER = YES;
				CLANG_WARN_RANGE_LOOP_ANALYSIS = YES;
				CLANG_WARN_STRICT_PROTOTYPES = YES;
				CLANG_WARN_SUSPICIOUS_MOVE = YES;
				CLANG_WARN_UNGUARDED_AVAILABILITY = YES_AGGRESSIVE;
				CLANG_WARN_UNREACHABLE_CODE = YES;
				CLANG_WARN__DUPLICATE_METHOD_MATCH = YES;
				COPY_PHASE_STRIP = NO;
				DEBUG_INFORMATION_FORMAT = dwarf;
				ENABLE_STRICT_OBJC_MSGSEND = YES;
				ENABLE_TESTABILITY = YES;
				ENABLE_USER_SCRIPT_SANDBOXING = YES;
				GCC_C_LANGUAGE_STANDARD = gnu17;
				GCC_DYNAMIC_NO_PIC = NO;
				GCC_NO_COMMON_BLOCKS = YES;
				GCC_OPTIMIZATION_LEVEL = 0;
				GCC_PREPROCESSOR_DEFINITIONS = (
					"DEBUG=1",
					"$(inherited)",
				);
				GCC_WARN_64_TO_32_BIT_CONVERSION = YES;
				GCC_WARN_ABOUT_RETURN_TYPE = YES_ERROR;
				GCC_WARN_UNDECLARED_SELECTOR = YES;
				GCC_WARN_UNINITIALIZED_AUTOS = YES_AGGRESSIVE;
				GCC_WARN_UNUSED_FUNCTION = YES;
				GCC_WARN_UNUSED_VARIABLE = YES;
				IPHONEOS_DEPLOYMENT_TARGET = 26.2;
				LOCALIZATION_PREFERS_STRING_CATALOGS = YES;
				MTL_ENABLE_DEBUG_INFO = INCLUDE_SOURCE;
				MTL_FAST_MATH = YES;
				ONLY_ACTIVE_ARCH = YES;
				SDKROOT = iphoneos;
				SWIFT_ACTIVE_COMPILATION_CONDITIONS = "DEBUG $(inherited)";
				SWIFT_OPTIMIZATION_LEVEL = "-Onone";
			};
			name = Debug;
		};
		BD811F772F74EC0300CF3D81 /* Release */ = {
			isa = XCBuildConfiguration;
			buildSettings = {
				ALWAYS_SEARCH_USER_PATHS = NO;
				ASSETCATALOG_COMPILER_GENERATE_SWIFT_ASSET_SYMBOL_EXTENSIONS = YES;
				CLANG_ANALYZER_NONNULL = YES;
				CLANG_ANALYZER_NUMBER_OBJECT_CONVERSION = YES_AGGRESSIVE;
				CLANG_CXX_LANGUAGE_STANDARD = "gnu++20";
				CLANG_ENABLE_MODULES = YES;
				CLANG_ENABLE_OBJC_ARC = YES;
				CLANG_ENABLE_OBJC_WEAK = YES;
				CLANG_WARN_BLOCK_CAPTURE_AUTORELEASING = YES;
				CLANG_WARN_BOOL_CONVERSION = YES;
				CLANG_WARN_COMMA = YES;
				CLANG_WARN_CONSTANT_CONVERSION = YES;
				CLANG_WARN_DEPRECATED_OBJC_IMPLEMENTATIONS = YES;
				CLANG_WARN_DIRECT_OBJC_ISA_USAGE = YES_ERROR;
				CLANG_WARN_DOCUMENTATION_COMMENTS = YES;
				CLANG_WARN_EMPTY_BODY = YES;
				CLANG_WARN_ENUM_CONVERSION = YES;
				CLANG_WARN_INFINITE_RECURSION = YES;
				CLANG_WARN_INT_CONVERSION = YES;
				CLANG_WARN_NON_LITERAL_NULL_CONVERSION = YES;
				CLANG_WARN_OBJC_IMPLICIT_RETAIN_SELF = YES;
				CLANG_WARN_OBJC_LITERAL_CONVERSION = YES;
				CLANG_WARN_OBJC_ROOT_CLASS = YES_ERROR;
				CLANG_WARN_QUOTED_INCLUDE_IN_FRAMEWORK_HEADER = YES;
				CLANG_WARN_RANGE_LOOP_ANALYSIS = YES;
				CLANG_WARN_STRICT_PROTOTYPES = YES;
				CLANG_WARN_SUSPICIOUS_MOVE = YES;
				CLANG_WARN_UNGUARDED_AVAILABILITY = YES_AGGRESSIVE;
				CLANG_WARN_UNREACHABLE_CODE = YES;
				CLANG_WARN__DUPLICATE_METHOD_MATCH = YES;
				COPY_PHASE_STRIP = NO;
				DEBUG_INFORMATION_FORMAT = "dwarf-with-dsym";
				ENABLE_NS_ASSERTIONS = NO;
				ENABLE_STRICT_OBJC_MSGSEND = YES;
				ENABLE_USER_SCRIPT_SANDBOXING = YES;
				GCC_C_LANGUAGE_STANDARD = gnu17;
				GCC_NO_COMMON_BLOCKS = YES;
				GCC_WARN_64_TO_32_BIT_CONVERSION = YES;
				GCC_WARN_ABOUT_RETURN_TYPE = YES_ERROR;
				GCC_WARN_UNDECLARED_SELECTOR = YES;
				GCC_WARN_UNINITIALIZED_AUTOS = YES_AGGRESSIVE;
				GCC_WARN_UNUSED_FUNCTION = YES;
				GCC_WARN_UNUSED_VARIABLE = YES;
				IPHONEOS_DEPLOYMENT_TARGET = 26.2;
				LOCALIZATION_PREFERS_STRING_CATALOGS = YES;
				MTL_ENABLE_DEBUG_INFO = NO;
				MTL_FAST_MATH = YES;
				SDKROOT = iphoneos;
				SWIFT_COMPILATION_MODE = wholemodule;
				VALIDATE_PRODUCT = YES;
			};
			name = Release;
		};
		BD811F792F74EC0300CF3D81 /* Debug */ = {
			isa = XCBuildConfiguration;
			buildSettings = {
				ASSETCATALOG_COMPILER_APPICON_NAME = AppIcon;
				ASSETCATALOG_COMPILER_GLOBAL_ACCENT_COLOR_NAME = AccentColor;
				CODE_SIGN_STYLE = Automatic;
				CURRENT_PROJECT_VERSION = 1;
				ENABLE_PREVIEWS = YES;
				GENERATE_INFOPLIST_FILE = NO;
				INFOPLIST_FILE = "GemTacticsTurbo-Info.plist";
				LD_RUNPATH_SEARCH_PATHS = (
					"$(inherited)",
					"@executable_path/Frameworks",
				);
				MARKETING_VERSION = 1.0;
				PRODUCT_BUNDLE_IDENTIFIER = com.hcustodio.GemTacticsTurbo;
				PRODUCT_NAME = "$(TARGET_NAME)";
				STRING_CATALOG_GENERATE_SYMBOLS = YES;
				SWIFT_APPROACHABLE_CONCURRENCY = YES;
				SWIFT_DEFAULT_ACTOR_ISOLATION = MainActor;
				SWIFT_EMIT_LOC_STRINGS = YES;
				SWIFT_UPCOMING_FEATURE_MEMBER_IMPORT_VISIBILITY = YES;
				SWIFT_VERSION = 5.0;
				TARGETED_DEVICE_FAMILY = "1,2";
			};
			name = Debug;
		};
		BD811F7A2F74EC0300CF3D81 /* Release */ = {
			isa = XCBuildConfiguration;
			buildSettings = {
				ASSETCATALOG_COMPILER_APPICON_NAME = AppIcon;
				ASSETCATALOG_COMPILER_GLOBAL_ACCENT_COLOR_NAME = AccentColor;
				CODE_SIGN_STYLE = Automatic;
				CURRENT_PROJECT_VERSION = 1;
				ENABLE_PREVIEWS = YES;
				GENERATE_INFOPLIST_FILE = NO;
				INFOPLIST_FILE = "GemTacticsTurbo-Info.plist";
				LD_RUNPATH_SEARCH_PATHS = (
					"$(inherited)",
					"@executable_path/Frameworks",
				);
				MARKETING_VERSION = 1.0;
				PRODUCT_BUNDLE_IDENTIFIER = com.hcustodio.GemTacticsTurbo;
				PRODUCT_NAME = "$(TARGET_NAME)";
				STRING_CATALOG_GENERATE_SYMBOLS = YES;
				SWIFT_APPROACHABLE_CONCURRENCY = YES;
				SWIFT_DEFAULT_ACTOR_ISOLATION = MainActor;
				SWIFT_EMIT_LOC_STRINGS = YES;
				SWIFT_UPCOMING_FEATURE_MEMBER_IMPORT_VISIBILITY = YES;
				SWIFT_VERSION = 5.0;
				TARGETED_DEVICE_FAMILY = "1,2";
			};
			name = Release;
		};
		C100000B2F74EC0000CF3D81 /* Debug */ = {
			isa = XCBuildConfiguration;
			buildSettings = {
				BUNDLE_LOADER = "$(TEST_HOST)";
				CODE_SIGN_STYLE = Automatic;
				CURRENT_PROJECT_VERSION = 1;
				GENERATE_INFOPLIST_FILE = YES;
				IPHONEOS_DEPLOYMENT_TARGET = 26.2;
				LD_RUNPATH_SEARCH_PATHS = (
					"$(inherited)",
					"@executable_path/Frameworks",
					"@loader_path/Frameworks",
				);
				MARKETING_VERSION = 1.0;
				PRODUCT_BUNDLE_IDENTIFIER = com.hcustodio.GemTacticsTurboTests;
				PRODUCT_NAME = "$(TARGET_NAME)";
				STRING_CATALOG_GENERATE_SYMBOLS = YES;
				SWIFT_APPROACHABLE_CONCURRENCY = YES;
				SWIFT_DEFAULT_ACTOR_ISOLATION = MainActor;
				SWIFT_EMIT_LOC_STRINGS = NO;
				SWIFT_UPCOMING_FEATURE_MEMBER_IMPORT_VISIBILITY = YES;
				SWIFT_VERSION = 5.0;
				TARGETED_DEVICE_FAMILY = "1,2";
				TEST_HOST = "$(BUILT_PRODUCTS_DIR)/GemTacticsTurbo.app/$(BUNDLE_EXECUTABLE_FOLDER_PATH)/GemTacticsTurbo";
				TEST_TARGET_NAME = GemTacticsTurbo;
			};
			name = Debug;
		};
		C100000C2F74EC0000CF3D81 /* Release */ = {
			isa = XCBuildConfiguration;
			buildSettings = {
				BUNDLE_LOADER = "$(TEST_HOST)";
				CODE_SIGN_STYLE = Automatic;
				CURRENT_PROJECT_VERSION = 1;
				GENERATE_INFOPLIST_FILE = YES;
				IPHONEOS_DEPLOYMENT_TARGET = 26.2;
				LD_RUNPATH_SEARCH_PATHS = (
					"$(inherited)",
					"@executable_path/Frameworks",
					"@loader_path/Frameworks",
				);
				MARKETING_VERSION = 1.0;
				PRODUCT_BUNDLE_IDENTIFIER = com.hcustodio.GemTacticsTurboTests;
				PRODUCT_NAME = "$(TARGET_NAME)";
				STRING_CATALOG_GENERATE_SYMBOLS = YES;
				SWIFT_APPROACHABLE_CONCURRENCY = YES;
				SWIFT_DEFAULT_ACTOR_ISOLATION = MainActor;
				SWIFT_EMIT_LOC_STRINGS = NO;
				SWIFT_UPCOMING_FEATURE_MEMBER_IMPORT_VISIBILITY = YES;
				SWIFT_VERSION = 5.0;
				TARGETED_DEVICE_FAMILY = "1,2";
				TEST_HOST = "$(BUILT_PRODUCTS_DIR)/GemTacticsTurbo.app/$(BUNDLE_EXECUTABLE_FOLDER_PATH)/GemTacticsTurbo";
				TEST_TARGET_NAME = GemTacticsTurbo;
			};
			name = Release;
		};
/* End XCBuildConfiguration section */

/* Begin XCConfigurationList section */
		BD811F682F74EC0000CF3D81 /* Build configuration list for PBXProject "GemTacticsTurbo" */ = {
			isa = XCConfigurationList;
			buildConfigurations = (
				BD811F762F74EC0300CF3D81 /* Debug */,
				BD811F772F74EC0300CF3D81 /* Release */,
			);
			defaultConfigurationIsVisible = 0;
			defaultConfigurationName = Release;
		};
		BD811F782F74EC0300CF3D81 /* Build configuration list for PBXNativeTarget "GemTacticsTurbo" */ = {
			isa = XCConfigurationList;
			buildConfigurations = (
				BD811F792F74EC0300CF3D81 /* Debug */,
				BD811F7A2F74EC0300CF3D81 /* Release */,
			);
			defaultConfigurationIsVisible = 0;
			defaultConfigurationName = Release;
		};
		C100000D2F74EC0000CF3D81 /* Build configuration list for PBXNativeTarget "GemTacticsTurboTests" */ = {
			isa = XCConfigurationList;
			buildConfigurations = (
				C100000B2F74EC0000CF3D81 /* Debug */,
				C100000C2F74EC0000CF3D81 /* Release */,
			);
			defaultConfigurationIsVisible = 0;
			defaultConfigurationName = Release;
		};
/* End XCConfigurationList section */

/* Begin XCRemoteSwiftPackageReference section */
		2C4DAFFCA74CB47EB95B2B43 /* XCRemoteSwiftPackageReference "firebase-ios-sdk" */ = {
			isa = XCRemoteSwiftPackageReference;
			repositoryURL = "https://github.com/firebase/firebase-ios-sdk";
			requirement = {
				kind = upToNextMajorVersion;
				minimumVersion = 12.11.0;
			};
		};
/* End XCRemoteSwiftPackageReference section */

/* Begin XCSwiftPackageProductDependency section */
		7BD051C0CBE8A5629A57EFA6 /* FirebaseCore */ = {
			isa = XCSwiftPackageProductDependency;
			package = 2C4DAFFCA74CB47EB95B2B43 /* XCRemoteSwiftPackageReference "firebase-ios-sdk" */;
			productName = FirebaseCore;
		};
		9D9F84993D616D11D7D84F07 /* FirebaseAuth */ = {
			isa = XCSwiftPackageProductDependency;
			package = 2C4DAFFCA74CB47EB95B2B43 /* XCRemoteSwiftPackageReference "firebase-ios-sdk" */;
			productName = FirebaseAuth;
		};
		E058BBCC608AF8F64FC42B75 /* FirebaseFirestore */ = {
			isa = XCSwiftPackageProductDependency;
			package = 2C4DAFFCA74CB47EB95B2B43 /* XCRemoteSwiftPackageReference "firebase-ios-sdk" */;
			productName = FirebaseFirestore;
		};
/* End XCSwiftPackageProductDependency section */
	};
	rootObject = BD811F652F74EC0000CF3D81 /* Project object */;
}
